
Microsoft Visual Studio Solution File, Format Version 12.00
# Visual Studio 14
VisualStudioVersion = 14.0.25420.1
MinimumVisualStudioVersion = 10.0.40219.1
Project("{FAE04EC0-301F-11D3-BF4B-00C04F79EFBC}") = "hak", "hak\hak.csproj", "{6491938A-8985-49E7-AE72-5F07FB76707D}"
EndProject
Project("{FAE04EC0-301F-11D3-BF4B-00C04F79EFBC}") = "UnitTestProject1", "UnitTestProject1\UnitTestProject1.csproj", "{AE476A70-6F80-4946-817C-86FC27F32142}"
EndProject
Global
	GlobalSection(SolutionConfigurationPlatforms) = preSolution
		Debug|Any CPU = Debug|Any CPU
		Release|Any CPU = Release|Any CPU
	EndGlobalSection
	GlobalSection(ProjectConfigurationPlatforms) = postSolution
		{6491938A-8985-49E7-AE72-5F07FB76707D}.Debug|Any CPU.ActiveCfg = Debug|Any CPU
		{6491938A-8985-49E7-AE72-5F07FB76707D}.Debug|Any CPU.Build.0 = Debug|Any CPU
		{6491938A-8985-49E7-AE72-5F07FB76707D}.Release|Any CPU.ActiveCfg = Release|Any CPU
		{6491938A-8985-49E7-AE72-5F07FB76707D}.Release|Any CPU.Build.0 = Release|Any CPU
		{AE476A70-6F80-4946-817C-86FC27F32142}.Debug|Any CPU.ActiveCfg = Debug|Any CPU
		{AE476A70-6F80-4946-817C-86FC27F32142}.Debug|Any CPU.Build.0 = Debug|Any CPU
		{AE476A70-6F80-4946-817C-86FC27F32142}.Release|Any CPU.ActiveCfg = Release|Any CPU
		{AE476A70-6F80-4946-817C-86FC27F32142}.Release|Any CPU.Build.0 = Release|Any CPU
	EndGlobalSection
	GlobalSection(SolutionProperties) = preSolution
		HideSolutionNode = FALSE
	EndGlobalSection
EndGlobal
